
Microsoft Visual Studio Solution File, Format Version 12.00
# Visual Studio Version 17
VisualStudioVersion = 17.9.34728.123
MinimumVisualStudioVersion = 10.0.40219.1
Project("{2150E333-8FDC-42A3-9474-1A3956D46DE8}") = "1 - Application", "1 - Application", "{93320D7B-E136-4883-AE4A-55FC700BA9D6}"
EndProject
Project("{2150E333-8FDC-42A3-9474-1A3956D46DE8}") = "2 - Service", "2 - Service", "{E0E10517-36EA-463E-84A5-B6A001448CA0}"
EndProject
Project("{2150E333-8FDC-42A3-9474-1A3956D46DE8}") = "3 - Domain", "3 - Domain", "{A5918A08-1172-49EF-99BE-427307490A8A}"
EndProject
Project("{2150E333-8FDC-42A3-9474-1A3956D46DE8}") = "4 - Infra", "4 - Infra", "{5F80A664-8177-4DB5-9AEC-76EC8BE61321}"
EndProject
Project("{2150E333-8FDC-42A3-9474-1A3956D46DE8}") = "4.1 Repository", "4.1 Repository", "{F1B92C55-8B19-41CF-B3E8-E3CED9A2BB8E}"
EndProject
Project("{2150E333-8FDC-42A3-9474-1A3956D46DE8}") = "4.2 CrossCutting", "4.2 CrossCutting", "{E5F74695-00BD-440F-94FE-E3B54E60D2A4}"
EndProject
Project("{2150E333-8FDC-42A3-9474-1A3956D46DE8}") = "4.3 Facade", "4.3 Facade", "{CC0C6972-AC5D-493E-B8A1-FA5A2083ED55}"
EndProject
Project("{9A19103F-16F7-4668-BE54-9A1E7A4F7556}") = "FluxoDeCaixa.Caixa.Api", "FluexoDeCaixa.Caixa.Api\FluxoDeCaixa.Caixa.Api.csproj", "{4074EC77-FB31-4C95-9AC7-10657B9912CF}"
EndProject
Project("{9A19103F-16F7-4668-BE54-9A1E7A4F7556}") = "FluxoDeCaixa.Consolidado.Api", "FluxoDeCaixa.Consolidado.Api\FluxoDeCaixa.Consolidado.Api.csproj", "{B105706E-B96A-4B4A-8B7C-C4102D8C6F9F}"
EndProject
Project("{9A19103F-16F7-4668-BE54-9A1E7A4F7556}") = "FluxoDeCaixa.Services", "FluxoDeCaixa.Services\FluxoDeCaixa.Services.csproj", "{06529CA9-9B2B-4CE4-8360-EEC0DC17B1B2}"
EndProject
Project("{9A19103F-16F7-4668-BE54-9A1E7A4F7556}") = "FluxoDeCaixa.Domain", "FluxoDeCaixa.Domain\FluxoDeCaixa.Domain.csproj", "{5A95681C-995C-4AF2-919F-BFF303F2ED69}"
EndProject
Project("{9A19103F-16F7-4668-BE54-9A1E7A4F7556}") = "FluxoDeCaixa.Infra.Repository.Mysql", "FluxoDeCaixa.Infra.Repository.Mysql\FluxoDeCaixa.Infra.Repository.Mysql.csproj", "{B2F5AAD0-0C67-4ED1-8C87-F56CB22EFA8E}"
EndProject
Project("{9A19103F-16F7-4668-BE54-9A1E7A4F7556}") = "FluxoDeCaixa.Infra.Infrastructure", "FluxoDeCaixa.Infra.Infrastructure\FluxoDeCaixa.Infra.Infrastructure.csproj", "{AEA63ED0-544A-49B7-967C-F08A06D2D9DC}"
EndProject
Project("{9A19103F-16F7-4668-BE54-9A1E7A4F7556}") = "FluxoDeCaixa.Infra.IoC", "FluxoDeCaixa.Infra.IoC\FluxoDeCaixa.Infra.IoC.csproj", "{4CBB95E7-D06F-4A7F-8360-6D70B026110F}"
EndProject
Project("{9A19103F-16F7-4668-BE54-9A1E7A4F7556}") = "FluxoDeCaixa.Api.Facade", "FluxoDeCaixa.Api.Facade\FluxoDeCaixa.Api.Facade.csproj", "{17E827B1-C27D-488B-94A8-FF965E52BF1A}"
EndProject
Project("{9A19103F-16F7-4668-BE54-9A1E7A4F7556}") = "FluxoDeCaixa.Infra.Repository.MongoDB", "FluxoDeCaixa.Infra.Repository.MongoDB\FluxoDeCaixa.Infra.Repository.MongoDB.csproj", "{C79E8DF6-1037-4F02-9860-4EA5D789A6E5}"
EndProject
Project("{FAE04EC0-301F-11D3-BF4B-00C04F79EFBC}") = "FluxoDeCaixa.Consolidado.RabbitMQ.Receiver", "FluxoDeCaixa.Consolidado.RabbitMQ.Receiver\FluxoDeCaixa.Consolidado.RabbitMQ.Receiver.csproj", "{30C53F42-DBA9-4B2B-BBB2-75A48B21E234}"
EndProject
Project("{2150E333-8FDC-42A3-9474-1A3956D46DE8}") = "5 - Test", "5 - Test", "{97703140-0304-419D-9A18-5525AD9B0B46}"
EndProject
Project("{FAE04EC0-301F-11D3-BF4B-00C04F79EFBC}") = "FluxoDeCaixa.Caixa.Api.Test", "FluxoDeCaixa.Caixa.Api.Test\FluxoDeCaixa.Caixa.Api.Test.csproj", "{AE81A756-E46F-4184-9DD3-3993BF374C4B}"
EndProject
Global
	GlobalSection(SolutionConfigurationPlatforms) = preSolution
		Debug|Any CPU = Debug|Any CPU
		Release|Any CPU = Release|Any CPU
	EndGlobalSection
	GlobalSection(ProjectConfigurationPlatforms) = postSolution
		{4074EC77-FB31-4C95-9AC7-10657B9912CF}.Debug|Any CPU.ActiveCfg = Debug|Any CPU
		{4074EC77-FB31-4C95-9AC7-10657B9912CF}.Debug|Any CPU.Build.0 = Debug|Any CPU
		{4074EC77-FB31-4C95-9AC7-10657B9912CF}.Release|Any CPU.ActiveCfg = Release|Any CPU
		{4074EC77-FB31-4C95-9AC7-10657B9912CF}.Release|Any CPU.Build.0 = Release|Any CPU
		{B105706E-B96A-4B4A-8B7C-C4102D8C6F9F}.Debug|Any CPU.ActiveCfg = Debug|Any CPU
		{B105706E-B96A-4B4A-8B7C-C4102D8C6F9F}.Debug|Any CPU.Build.0 = Debug|Any CPU
		{B105706E-B96A-4B4A-8B7C-C4102D8C6F9F}.Release|Any CPU.ActiveCfg = Release|Any CPU
		{B105706E-B96A-4B4A-8B7C-C4102D8C6F9F}.Release|Any CPU.Build.0 = Release|Any CPU
		{06529CA9-9B2B-4CE4-8360-EEC0DC17B1B2}.Debug|Any CPU.ActiveCfg = Debug|Any CPU
		{06529CA9-9B2B-4CE4-8360-EEC0DC17B1B2}.Debug|Any CPU.Build.0 = Debug|Any CPU
		{06529CA9-9B2B-4CE4-8360-EEC0DC17B1B2}.Release|Any CPU.ActiveCfg = Release|Any CPU
		{06529CA9-9B2B-4CE4-8360-EEC0DC17B1B2}.Release|Any CPU.Build.0 = Release|Any CPU
		{5A95681C-995C-4AF2-919F-BFF303F2ED69}.Debug|Any CPU.ActiveCfg = Debug|Any CPU
		{5A95681C-995C-4AF2-919F-BFF303F2ED69}.Debug|Any CPU.Build.0 = Debug|Any CPU
		{5A95681C-995C-4AF2-919F-BFF303F2ED69}.Release|Any CPU.ActiveCfg = Release|Any CPU
		{5A95681C-995C-4AF2-919F-BFF303F2ED69}.Release|Any CPU.Build.0 = Release|Any CPU
		{B2F5AAD0-0C67-4ED1-8C87-F56CB22EFA8E}.Debug|Any CPU.ActiveCfg = Debug|Any CPU
		{B2F5AAD0-0C67-4ED1-8C87-F56CB22EFA8E}.Debug|Any CPU.Build.0 = Debug|Any CPU
		{B2F5AAD0-0C67-4ED1-8C87-F56CB22EFA8E}.Release|Any CPU.ActiveCfg = Release|Any CPU
		{B2F5AAD0-0C67-4ED1-8C87-F56CB22EFA8E}.Release|Any CPU.Build.0 = Release|Any CPU
		{AEA63ED0-544A-49B7-967C-F08A06D2D9DC}.Debug|Any CPU.ActiveCfg = Debug|Any CPU
		{AEA63ED0-544A-49B7-967C-F08A06D2D9DC}.Debug|Any CPU.Build.0 = Debug|Any CPU
		{AEA63ED0-544A-49B7-967C-F08A06D2D9DC}.Release|Any CPU.ActiveCfg = Release|Any CPU
		{AEA63ED0-544A-49B7-967C-F08A06D2D9DC}.Release|Any CPU.Build.0 = Release|Any CPU
		{4CBB95E7-D06F-4A7F-8360-6D70B026110F}.Debug|Any CPU.ActiveCfg = Debug|Any CPU
		{4CBB95E7-D06F-4A7F-8360-6D70B026110F}.Debug|Any CPU.Build.0 = Debug|Any CPU
		{4CBB95E7-D06F-4A7F-8360-6D70B026110F}.Release|Any CPU.ActiveCfg = Release|Any CPU
		{4CBB95E7-D06F-4A7F-8360-6D70B026110F}.Release|Any CPU.Build.0 = Release|Any CPU
		{17E827B1-C27D-488B-94A8-FF965E52BF1A}.Debug|Any CPU.ActiveCfg = Debug|Any CPU
		{17E827B1-C27D-488B-94A8-FF965E52BF1A}.Debug|Any CPU.Build.0 = Debug|Any CPU
		{17E827B1-C27D-488B-94A8-FF965E52BF1A}.Release|Any CPU.ActiveCfg = Release|Any CPU
		{17E827B1-C27D-488B-94A8-FF965E52BF1A}.Release|Any CPU.Build.0 = Release|Any CPU
		{C79E8DF6-1037-4F02-9860-4EA5D789A6E5}.Debug|Any CPU.ActiveCfg = Debug|Any CPU
		{C79E8DF6-1037-4F02-9860-4EA5D789A6E5}.Debug|Any CPU.Build.0 = Debug|Any CPU
		{C79E8DF6-1037-4F02-9860-4EA5D789A6E5}.Release|Any CPU.ActiveCfg = Release|Any CPU
		{C79E8DF6-1037-4F02-9860-4EA5D789A6E5}.Release|Any CPU.Build.0 = Release|Any CPU
		{30C53F42-DBA9-4B2B-BBB2-75A48B21E234}.Debug|Any CPU.ActiveCfg = Debug|Any CPU
		{30C53F42-DBA9-4B2B-BBB2-75A48B21E234}.Debug|Any CPU.Build.0 = Debug|Any CPU
		{30C53F42-DBA9-4B2B-BBB2-75A48B21E234}.Release|Any CPU.ActiveCfg = Release|Any CPU
		{30C53F42-DBA9-4B2B-BBB2-75A48B21E234}.Release|Any CPU.Build.0 = Release|Any CPU
		{AE81A756-E46F-4184-9DD3-3993BF374C4B}.Debug|Any CPU.ActiveCfg = Debug|Any CPU
		{AE81A756-E46F-4184-9DD3-3993BF374C4B}.Debug|Any CPU.Build.0 = Debug|Any CPU
		{AE81A756-E46F-4184-9DD3-3993BF374C4B}.Release|Any CPU.ActiveCfg = Release|Any CPU
		{AE81A756-E46F-4184-9DD3-3993BF374C4B}.Release|Any CPU.Build.0 = Release|Any CPU
	EndGlobalSection
	GlobalSection(SolutionProperties) = preSolution
		HideSolutionNode = FALSE
	EndGlobalSection
	GlobalSection(NestedProjects) = preSolution
		{F1B92C55-8B19-41CF-B3E8-E3CED9A2BB8E} = {5F80A664-8177-4DB5-9AEC-76EC8BE61321}
		{E5F74695-00BD-440F-94FE-E3B54E60D2A4} = {5F80A664-8177-4DB5-9AEC-76EC8BE61321}
		{CC0C6972-AC5D-493E-B8A1-FA5A2083ED55} = {5F80A664-8177-4DB5-9AEC-76EC8BE61321}
		{4074EC77-FB31-4C95-9AC7-10657B9912CF} = {93320D7B-E136-4883-AE4A-55FC700BA9D6}
		{B105706E-B96A-4B4A-8B7C-C4102D8C6F9F} = {93320D7B-E136-4883-AE4A-55FC700BA9D6}
		{06529CA9-9B2B-4CE4-8360-EEC0DC17B1B2} = {E0E10517-36EA-463E-84A5-B6A001448CA0}
		{5A95681C-995C-4AF2-919F-BFF303F2ED69} = {A5918A08-1172-49EF-99BE-427307490A8A}
		{B2F5AAD0-0C67-4ED1-8C87-F56CB22EFA8E} = {F1B92C55-8B19-41CF-B3E8-E3CED9A2BB8E}
		{AEA63ED0-544A-49B7-967C-F08A06D2D9DC} = {E5F74695-00BD-440F-94FE-E3B54E60D2A4}
		{4CBB95E7-D06F-4A7F-8360-6D70B026110F} = {E5F74695-00BD-440F-94FE-E3B54E60D2A4}
		{17E827B1-C27D-488B-94A8-FF965E52BF1A} = {CC0C6972-AC5D-493E-B8A1-FA5A2083ED55}
		{C79E8DF6-1037-4F02-9860-4EA5D789A6E5} = {F1B92C55-8B19-41CF-B3E8-E3CED9A2BB8E}
		{30C53F42-DBA9-4B2B-BBB2-75A48B21E234} = {93320D7B-E136-4883-AE4A-55FC700BA9D6}
		{AE81A756-E46F-4184-9DD3-3993BF374C4B} = {97703140-0304-419D-9A18-5525AD9B0B46}
	EndGlobalSection
	GlobalSection(ExtensibilityGlobals) = postSolution
		SolutionGuid = {75AC7583-6772-4697-93FC-58BC461361AB}
	EndGlobalSection
EndGlobal
